// !$*UTF8*$!
{
	archiveVersion = 1;
	classes = {
	};
	objectVersion = 77;
	objects = {

/* Begin PBXBuildFile section */
		1F177A472EFA4641008B8697 /* Assets.xcassets in Resources */ = {isa = PBXBuildFile; fileRef = 1F177A3E2EFA4641008B8697 /* Assets.xcassets */; };
		1F177A492EFA4641008B8697 /* LaunchScreen.storyboard in Resources */ = {isa = PBXBuildFile; fileRef = 1F177A412EFA4641008B8697 /* LaunchScreen.storyboard */; };
		1F177A4A2EFA4641008B8697 /* Main.storyboard in Resources */ = {isa = PBXBuildFile; fileRef = 1F177A432EFA4641008B8697 /* Main.storyboard */; };
		1F177A4B2EFA4641008B8697 /* AppDelegate.swift in Sources */ = {isa = PBXBuildFile; fileRef = 1F177A3D2EFA4641008B8697 /* AppDelegate.swift */; };
		1F177A4C2EFA4641008B8697 /* SceneDelegate.swift in Sources */ = {isa = PBXBuildFile; fileRef = 1F177A442EFA4641008B8697 /* SceneDelegate.swift */; };
		1F177A4D2EFA4641008B8697 /* ViewController.swift in Sources */ = {isa = PBXBuildFile; fileRef = 1F177A452EFA4641008B8697 /* ViewController.swift */; };
		1F177A4F2EFA464F008B8697 /* FirebaseAnalytics.swift in Sources */ = {isa = PBXBuildFile; fileRef = 1F177A4E2EFA464F008B8697 /* FirebaseAnalytics.swift */; };
		7B08B1F5236DC284D6C8F076 /* Pods_QSFirebaseAnalytics.framework in Frameworks */ = {isa = PBXBuildFile; fileRef = 1D5A19EA242948D66EB4FFE6 /* Pods_QSFirebaseAnalytics.framework */; };
/* End PBXBuildFile section */

/* Begin PBXFileReference section */
		0814A5FAFE89AF989B91BC9D /* Pods-QSFirebaseAnalytics.debug.xcconfig */ = {isa = PBXFileReference; includeInIndex = 1; lastKnownFileType = text.xcconfig; name = "Pods-QSFirebaseAnalytics.debug.xcconfig"; path = "Target Support Files/Pods-QSFirebaseAnalytics/Pods-QSFirebaseAnalytics.debug.xcconfig"; sourceTree = "<group>"; };
		1D5A19EA242948D66EB4FFE6 /* Pods_QSFirebaseAnalytics.framework */ = {isa = PBXFileReference; explicitFileType = wrapper.framework; includeInIndex = 0; path = Pods_QSFirebaseAnalytics.framework; sourceTree = BUILT_PRODUCTS_DIR; };
		1F177A232EFA4638008B8697 /* QSFirebaseAnalytics.app */ = {isa = PBXFileReference; explicitFileType = wrapper.application; includeInIndex = 0; path = QSFirebaseAnalytics.app; sourceTree = BUILT_PRODUCTS_DIR; };
		1F177A3D2EFA4641008B8697 /* AppDelegate.swift */ = {isa = PBXFileReference; lastKnownFileType = sourcecode.swift; path = AppDelegate.swift; sourceTree = "<group>"; };
		1F177A3E2EFA4641008B8697 /* Assets.xcassets */ = {isa = PBXFileReference; lastKnownFileType = folder.assetcatalog; path = Assets.xcassets; sourceTree = "<group>"; };
		1F177A3F2EFA4641008B8697 /* Info.plist */ = {isa = PBXFileReference; lastKnownFileType = text.plist.xml; path = Info.plist; sourceTree = "<group>"; };
		1F177A402EFA4641008B8697 /* Base */ = {isa = PBXFileReference; lastKnownFileType = file.storyboard; name = Base; path = Base.lproj/LaunchScreen.storyboard; sourceTree = "<group>"; };
		1F177A422EFA4641008B8697 /* Base */ = {isa = PBXFileReference; lastKnownFileType = file.storyboard; name = Base; path = Base.lproj/Main.storyboard; sourceTree = "<group>"; };
		1F177A442EFA4641008B8697 /* SceneDelegate.swift */ = {isa = PBXFileReference; lastKnownFileType = sourcecode.swift; path = SceneDelegate.swift; sourceTree = "<group>"; };
		1F177A452EFA4641008B8697 /* ViewController.swift */ = {isa = PBXFileReference; lastKnownFileType = sourcecode.swift; path = ViewController.swift; sourceTree = "<group>"; };
		1F177A4E2EFA464F008B8697 /* FirebaseAnalytics.swift */ = {isa = PBXFileReference; lastKnownFileType = sourcecode.swift; path = FirebaseAnalytics.swift; sourceTree = "<group>"; };
		2E21A1582A3D3F8FFA0F288F /* Pods-QSFirebaseAnalytics.release.xcconfig */ = {isa = PBXFileReference; includeInIndex = 1; lastKnownFileType = text.xcconfig; name = "Pods-QSFirebaseAnalytics.release.xcconfig"; path = "Target Support Files/Pods-QSFirebaseAnalytics/Pods-QSFirebaseAnalytics.release.xcconfig"; sourceTree = "<group>"; };
/* End PBXFileReference section */

/* Begin PBXFrameworksBuildPhase section */
		1F177A202EFA4638008B8697 /* Frameworks */ = {
			isa = PBXFrameworksBuildPhase;
			buildActionMask = 2147483647;
			files = (
				7B08B1F5236DC284D6C8F076 /* Pods_QSFirebaseAnalytics.framework in Frameworks */,
			);
			runOnlyForDeploymentPostprocessing = 0;
		};
/* End PBXFrameworksBuildPhase section */

/* Begin PBXGroup section */
		0AB5560DAA689AF932251AE6 /* Pods */ = {
			isa = PBXGroup;
			children = (
				0814A5FAFE89AF989B91BC9D /* Pods-QSFirebaseAnalytics.debug.xcconfig */,
				2E21A1582A3D3F8FFA0F288F /* Pods-QSFirebaseAnalytics.release.xcconfig */,
			);
			path = Pods;
			sourceTree = "<group>";
		};
		1F177A1A2EFA4638008B8697 = {
			isa = PBXGroup;
			children = (
				1F177A462EFA4641008B8697 /* QSFirebaseAnalytics */,
				1F177A242EFA4638008B8697 /* Products */,
				0AB5560DAA689AF932251AE6 /* Pods */,
				381F842911E0D869B4F99D89 /* Frameworks */,
			);
			sourceTree = "<group>";
		};
		1F177A242EFA4638008B8697 /* Products */ = {
			isa = PBXGroup;
			children = (
				1F177A232EFA4638008B8697 /* QSFirebaseAnalytics.app */,
			);
			name = Products;
			sourceTree = "<group>";
		};
		1F177A3C2EFA4641008B8697 /* Tool */ = {
			isa = PBXGroup;
			children = (
				1F177A4E2EFA464F008B8697 /* FirebaseAnalytics.swift */,
			);
			path = Tool;
			sourceTree = "<group>";
		};
		1F177A462EFA4641008B8697 /* QSFirebaseAnalytics */ = {
			isa = PBXGroup;
			children = (
				1F177A3C2EFA4641008B8697 /* Tool */,
				1F177A3D2EFA4641008B8697 /* AppDelegate.swift */,
				1F177A3E2EFA4641008B8697 /* Assets.xcassets */,
				1F177A3F2EFA4641008B8697 /* Info.plist */,
				1F177A412EFA4641008B8697 /* LaunchScreen.storyboard */,
				1F177A432EFA4641008B8697 /* Main.storyboard */,
				1F177A442EFA4641008B8697 /* SceneDelegate.swift */,
				1F177A452EFA4641008B8697 /* ViewController.swift */,
			);
			path = QSFirebaseAnalytics;
			sourceTree = "<group>";
		};
		381F842911E0D869B4F99D89 /* Frameworks */ = {
			isa = PBXGroup;
			children = (
				1D5A19EA242948D66EB4FFE6 /* Pods_QSFirebaseAnalytics.framework */,
			);
			name = Frameworks;
			sourceTree = "<group>";
		};
/* End PBXGroup section */

/* Begin PBXNativeTarget section */
		1F177A222EFA4638008B8697 /* QSFirebaseAnalytics */ = {
			isa = PBXNativeTarget;
			buildConfigurationList = 1F177A362EFA4639008B8697 /* Build configuration list for PBXNativeTarget "QSFirebaseAnalytics" */;
			buildPhases = (
				8C5590D3729D1B38EE48168C /* [CP] Check Pods Manifest.lock */,
				1F177A1F2EFA4638008B8697 /* Sources */,
				1F177A202EFA4638008B8697 /* Frameworks */,
				1F177A212EFA4638008B8697 /* Resources */,
				D74FD54D4A82EE529DFA5179 /* [CP] Embed Pods Frameworks */,
			);
			buildRules = (
			);
			dependencies = (
			);
			name = QSFirebaseAnalytics;
			productName = QSFirebaseAnalytics;
			productReference = 1F177A232EFA4638008B8697 /* QSFirebaseAnalytics.app */;
			productType = "com.apple.product-type.application";
		};
/* End PBXNativeTarget section */

/* Begin PBXProject section */
		1F177A1B2EFA4638008B8697 /* Project object */ = {
			isa = PBXProject;
			attributes = {
				BuildIndependentTargetsInParallel = 1;
				LastSwiftUpdateCheck = 1620;
				LastUpgradeCheck = 1620;
				TargetAttributes = {
					1F177A222EFA4638008B8697 = {
						CreatedOnToolsVersion = 16.2;
					};
				};
			};
			buildConfigurationList = 1F177A1E2EFA4638008B8697 /* Build configuration list for PBXProject "QSFirebaseAnalytics" */;
			developmentRegion = en;
			hasScannedForEncodings = 0;
			knownRegions = (
				en,
				Base,
			);
			mainGroup = 1F177A1A2EFA4638008B8697;
			minimizedProjectReferenceProxies = 1;
			preferredProjectObjectVersion = 77;
			productRefGroup = 1F177A242EFA4638008B8697 /* Products */;
			projectDirPath = "";
			projectRoot = "";
			targets = (
				1F177A222EFA4638008B8697 /* QSFirebaseAnalytics */,
			);
		};
/* End PBXProject section */

/* Begin PBXResourcesBuildPhase section */
		1F177A212EFA4638008B8697 /* Resources */ = {
			isa = PBXResourcesBuildPhase;
			buildActionMask = 2147483647;
			files = (
				1F177A472EFA4641008B8697 /* Assets.xcassets in Resources */,
				1F177A492EFA4641008B8697 /* LaunchScreen.storyboard in Resources */,
				1F177A4A2EFA4641008B8697 /* Main.storyboard in Resources */,
			);
			runOnlyForDeploymentPostprocessing = 0;
		};
/* End PBXResourcesBuildPhase section */

/* Begin PBXShellScriptBuildPhase section */
		8C5590D3729D1B38EE48168C /* [CP] Check Pods Manifest.lock */ = {
			isa = PBXShellScriptBuildPhase;
			buildActionMask = 2147483647;
			files = (
			);
			inputFileListPaths = (
			);
			inputPaths = (
				"${PODS_PODFILE_DIR_PATH}/Podfile.lock",
				"${PODS_ROOT}/Manifest.lock",
			);
			name = "[CP] Check Pods Manifest.lock";
			outputFileListPaths = (
			);
			outputPaths = (
				"$(DERIVED_FILE_DIR)/Pods-QSFirebaseAnalytics-checkManifestLockResult.txt",
			);
			runOnlyForDeploymentPostprocessing = 0;
			shellPath = /bin/sh;
			shellScript = "diff \"${PODS_PODFILE_DIR_PATH}/Podfile.lock\" \"${PODS_ROOT}/Manifest.lock\" > /dev/null\nif [ $? != 0 ] ; then\n    # print error to STDERR\n    echo \"error: The sandbox is not in sync with the Podfile.lock. Run 'pod install' or update your CocoaPods installation.\" >&2\n    exit 1\nfi\n# This output is used by Xcode 'outputs' to avoid re-running this script phase.\necho \"SUCCESS\" > \"${SCRIPT_OUTPUT_FILE_0}\"\n";
			showEnvVarsInLog = 0;
		};
		D74FD54D4A82EE529DFA5179 /* [CP] Embed Pods Frameworks */ = {
			isa = PBXShellScriptBuildPhase;
			buildActionMask = 2147483647;
			files = (
			);
			inputFileListPaths = (
				"${PODS_ROOT}/Target Support Files/Pods-QSFirebaseAnalytics/Pods-QSFirebaseAnalytics-frameworks-${CONFIGURATION}-input-files.xcfilelist",
			);
			name = "[CP] Embed Pods Frameworks";
			outputFileListPaths = (
				"${PODS_ROOT}/Target Support Files/Pods-QSFirebaseAnalytics/Pods-QSFirebaseAnalytics-frameworks-${CONFIGURATION}-output-files.xcfilelist",
			);
			runOnlyForDeploymentPostprocessing = 0;
			shellPath = /bin/sh;
			shellScript = "\"${PODS_ROOT}/Target Support Files/Pods-QSFirebaseAnalytics/Pods-QSFirebaseAnalytics-frameworks.sh\"\n";
			showEnvVarsInLog = 0;
		};
/* End PBXShellScriptBuildPhase section */

/* Begin PBXSourcesBuildPhase section */
		1F177A1F2EFA4638008B8697 /* Sources */ = {
			isa = PBXSourcesBuildPhase;
			buildActionMask = 2147483647;
			files = (
				1F177A4B2EFA4641008B8697 /* AppDelegate.swift in Sources */,
				1F177A4C2EFA4641008B8697 /* SceneDelegate.swift in Sources */,
				1F177A4D2EFA4641008B8697 /* ViewController.swift in Sources */,
				1F177A4F2EFA464F008B8697 /* FirebaseAnalytics.swift in Sources */,
			);
			runOnlyForDeploymentPostprocessing = 0;
		};
/* End PBXSourcesBuildPhase section */

/* Begin PBXVariantGroup section */
		1F177A412EFA4641008B8697 /* LaunchScreen.storyboard */ = {
			isa = PBXVariantGroup;
			children = (
				1F177A402EFA4641008B8697 /* Base */,
			);
			name = LaunchScreen.storyboard;
			sourceTree = "<group>";
		};
		1F177A432EFA4641008B8697 /* Main.storyboard */ = {
			isa = PBXVariantGroup;
			children = (
				1F177A422EFA4641008B8697 /* Base */,
			);
			name = Main.storyboard;
			sourceTree = "<group>";
		};
/* End PBXVariantGroup section */

/* Begin XCBuildConfiguration section */
		1F177A372EFA4639008B8697 /* Debug */ = {
			isa = XCBuildConfiguration;
			baseConfigurationReference = 0814A5FAFE89AF989B91BC9D /* Pods-QSFirebaseAnalytics.debug.xcconfig */;
			buildSettings = {
				ASSETCATALOG_COMPILER_APPICON_NAME = AppIcon;
				ASSETCATALOG_COMPILER_GLOBAL_ACCENT_COLOR_NAME = AccentColor;
				CODE_SIGN_STYLE = Automatic;
				CURRENT_PROJECT_VERSION = 1;
				DEVELOPMENT_TEAM = X8PB93M4JK;
				GENERATE_INFOPLIST_FILE = YES;
				INFOPLIST_FILE = QSFirebaseAnalytics/Info.plist;
				INFOPLIST_KEY_UIApplicationSupportsIndirectInputEvents = YES;
				INFOPLIST_KEY_UILaunchStoryboardName = LaunchScreen;
				INFOPLIST_KEY_UIMainStoryboardFile = Main;
				INFOPLIST_KEY_UISupportedInterfaceOrientations_iPad = "UIInterfaceOrientationPortrait UIInterfaceOrientationPortraitUpsideDown UIInterfaceOrientationLandscapeLeft UIInterfaceOrientationLandscapeRight";
				INFOPLIST_KEY_UISupportedInterfaceOrientations_iPhone = "UIInterfaceOrientationPortrait UIInterfaceOrientationLandscapeLeft UIInterfaceOrientationLandscapeRight";
				IPHONEOS_DEPLOYMENT_TARGET = 15.0;
				LD_RUNPATH_SEARCH_PATHS = (
					"$(inherited)",
					"@executable_path/Frameworks",
				);
				MARKETING_VERSION = 1.0.0;
				PRODUCT_BUNDLE_IDENTIFIER = com.wa.QSFirebaseAnalytics;
				PRODUCT_NAME = "$(TARGET_NAME)";
				SWIFT_EMIT_LOC_STRINGS = YES;
				SWIFT_VERSION = 5.0;
				TARGETED_DEVICE_FAMILY = "1,2";
			};
			name = Debug;
		};
		1F177A382EFA4639008B8697 /* Release */ = {
			isa = XCBuildConfiguration;
			baseConfigurationReference = 2E21A1582A3D3F8FFA0F288F /* Pods-QSFirebaseAnalytics.release.xcconfig */;
			buildSettings = {
				ASSETCATALOG_COMPILER_APPICON_NAME = AppIcon;
				ASSETCATALOG_COMPILER_GLOBAL_ACCENT_COLOR_NAME = AccentColor;
				CODE_SIGN_STYLE = Automatic;
				CURRENT_PROJECT_VERSION = 1;
				DEVELOPMENT_TEAM = X8PB93M4JK;
				GENERATE_INFOPLIST_FILE = YES;
				INFOPLIST_FILE = QSFirebaseAnalytics/Info.plist;
				INFOPLIST_KEY_UIApplicationSupportsIndirectInputEvents = YES;
				INFOPLIST_KEY_UILaunchStoryboardName = LaunchScreen;
				INFOPLIST_KEY_UIMainStoryboardFile = Main;
				INFOPLIST_KEY_UISupportedInterfaceOrientations_iPad = "UIInterfaceOrientationPortrait UIInterfaceOrientationPortraitUpsideDown UIInterfaceOrientationLandscapeLeft UIInterfaceOrientationLandscapeRight";
				INFOPLIST_KEY_UISupportedInterfaceOrientations_iPhone = "UIInterfaceOrientationPortrait UIInterfaceOrientationLandscapeLeft UIInterfaceOrientationLandscapeRight";
				IPHONEOS_DEPLOYMENT_TARGET = 15.0;
				LD_RUNPATH_SEARCH_PATHS = (
					"$(inherited)",
					"@executable_path/Frameworks",
				);
				MARKETING_VERSION = 1.0.0;
				PRODUCT_BUNDLE_IDENTIFIER = com.wa.QSFirebaseAnalytics;
				PRODUCT_NAME = "$(TARGET_NAME)";
				SWIFT_EMIT_LOC_STRINGS = YES;
				SWIFT_VERSION = 5.0;
				TARGETED_DEVICE_FAMILY = "1,2";
			};
			name = Release;
		};
		1F177A392EFA4639008B8697 /* Debug */ = {
			isa = XCBuildConfiguration;
			buildSettings = {
				ALWAYS_SEARCH_USER_PATHS = NO;
				ASSETCATALOG_COMPILER_GENERATE_SWIFT_ASSET_SYMBOL_EXTENSIONS = YES;
				CLANG_ANALYZER_NONNULL = YES;
				CLANG_ANALYZER_NUMBER_OBJECT_CONVERSION = YES_AGGRESSIVE;
				CLANG_CXX_LANGUAGE_STANDARD = "gnu++20";
				CLANG_ENABLE_MODULES = YES;
				CLANG_ENABLE_OBJC_ARC = YES;
				CLANG_ENABLE_OBJC_WEAK = YES;
				CLANG_WARN_BLOCK_CAPTURE_AUTORELEASING = YES;
				CLANG_WARN_BOOL_CONVERSION = YES;
				CLANG_WARN_COMMA = YES;
				CLANG_WARN_CONSTANT_CONVERSION = YES;
				CLANG_WARN_DEPRECATED_OBJC_IMPLEMENTATIONS = YES;
				CLANG_WARN_DIRECT_OBJC_ISA_USAGE = YES_ERROR;
				CLANG_WARN_DOCUMENTATION_COMMENTS = YES;
				CLANG_WARN_EMPTY_BODY = YES;
				CLANG_WARN_ENUM_CONVERSION = YES;
				CLANG_WARN_INFINITE_RECURSION = YES;
				CLANG_WARN_INT_CONVERSION = YES;
				CLANG_WARN_NON_LITERAL_NULL_CONVERSION = YES;
				CLANG_WARN_OBJC_IMPLICIT_RETAIN_SELF = YES;
				CLANG_WARN_OBJC_LITERAL_CONVERSION = YES;
				CLANG_WARN_OBJC_ROOT_CLASS = YES_ERROR;
				CLANG_WARN_QUOTED_INCLUDE_IN_FRAMEWORK_HEADER = YES;
				CLANG_WARN_RANGE_LOOP_ANALYSIS = YES;
				CLANG_WARN_STRICT_PROTOTYPES = YES;
				CLANG_WARN_SUSPICIOUS_MOVE = YES;
				CLANG_WARN_UNGUARDED_AVAILABILITY = YES_AGGRESSIVE;
				CLANG_WARN_UNREACHABLE_CODE = YES;
				CLANG_WARN__DUPLICATE_METHOD_MATCH = YES;
				COPY_PHASE_STRIP = NO;
				DEBUG_INFORMATION_FORMAT = dwarf;
				ENABLE_STRICT_OBJC_MSGSEND = YES;
				ENABLE_TESTABILITY = YES;
				ENABLE_USER_SCRIPT_SANDBOXING = YES;
				GCC_C_LANGUAGE_STANDARD = gnu17;
				GCC_DYNAMIC_NO_PIC = NO;
				GCC_NO_COMMON_BLOCKS = YES;
				GCC_OPTIMIZATION_LEVEL = 0;
				GCC_PREPROCESSOR_DEFINITIONS = (
					"DEBUG=1",
					"$(inherited)",
				);
				GCC_WARN_64_TO_32_BIT_CONVERSION = YES;
				GCC_WARN_ABOUT_RETURN_TYPE = YES_ERROR;
				GCC_WARN_UNDECLARED_SELECTOR = YES;
				GCC_WARN_UNINITIALIZED_AUTOS = YES_AGGRESSIVE;
				GCC_WARN_UNUSED_FUNCTION = YES;
				GCC_WARN_UNUSED_VARIABLE = YES;
				IPHONEOS_DEPLOYMENT_TARGET = 18.2;
				LOCALIZATION_PREFERS_STRING_CATALOGS = YES;
				MTL_ENABLE_DEBUG_INFO = INCLUDE_SOURCE;
				MTL_FAST_MATH = YES;
				ONLY_ACTIVE_ARCH = YES;
				SDKROOT = iphoneos;
				SWIFT_ACTIVE_COMPILATION_CONDITIONS = "DEBUG $(inherited)";
				SWIFT_OPTIMIZATION_LEVEL = "-Onone";
			};
			name = Debug;
		};
		1F177A3A2EFA4639008B8697 /* Release */ = {
			isa = XCBuildConfiguration;
			buildSettings = {
				ALWAYS_SEARCH_USER_PATHS = NO;
				ASSETCATALOG_COMPILER_GENERATE_SWIFT_ASSET_SYMBOL_EXTENSIONS = YES;
				CLANG_ANALYZER_NONNULL = YES;
				CLANG_ANALYZER_NUMBER_OBJECT_CONVERSION = YES_AGGRESSIVE;
				CLANG_CXX_LANGUAGE_STANDARD = "gnu++20";
				CLANG_ENABLE_MODULES = YES;
				CLANG_ENABLE_OBJC_ARC = YES;
				CLANG_ENABLE_OBJC_WEAK = YES;
				CLANG_WARN_BLOCK_CAPTURE_AUTORELEASING = YES;
				CLANG_WARN_BOOL_CONVERSION = YES;
				CLANG_WARN_COMMA = YES;
				CLANG_WARN_CONSTANT_CONVERSION = YES;
				CLANG_WARN_DEPRECATED_OBJC_IMPLEMENTATIONS = YES;
				CLANG_WARN_DIRECT_OBJC_ISA_USAGE = YES_ERROR;
				CLANG_WARN_DOCUMENTATION_COMMENTS = YES;
				CLANG_WARN_EMPTY_BODY = YES;
				CLANG_WARN_ENUM_CONVERSION = YES;
				CLANG_WARN_INFINITE_RECURSION = YES;
				CLANG_WARN_INT_CONVERSION = YES;
				CLANG_WARN_NON_LITERAL_NULL_CONVERSION = YES;
				CLANG_WARN_OBJC_IMPLICIT_RETAIN_SELF = YES;
				CLANG_WARN_OBJC_LITERAL_CONVERSION = YES;
				CLANG_WARN_OBJC_ROOT_CLASS = YES_ERROR;
				CLANG_WARN_QUOTED_INCLUDE_IN_FRAMEWORK_HEADER = YES;
				CLANG_WARN_RANGE_LOOP_ANALYSIS = YES;
				CLANG_WARN_STRICT_PROTOTYPES = YES;
				CLANG_WARN_SUSPICIOUS_MOVE = YES;
				CLANG_WARN_UNGUARDED_AVAILABILITY = YES_AGGRESSIVE;
				CLANG_WARN_UNREACHABLE_CODE = YES;
				CLANG_WARN__DUPLICATE_METHOD_MATCH = YES;
				COPY_PHASE_STRIP = NO;
				DEBUG_INFORMATION_FORMAT = "dwarf-with-dsym";
				ENABLE_NS_ASSERTIONS = NO;
				ENABLE_STRICT_OBJC_MSGSEND = YES;
				ENABLE_USER_SCRIPT_SANDBOXING = YES;
				GCC_C_LANGUAGE_STANDARD = gnu17;
				GCC_NO_COMMON_BLOCKS = YES;
				GCC_WARN_64_TO_32_BIT_CONVERSION = YES;
				GCC_WARN_ABOUT_RETURN_TYPE = YES_ERROR;
				GCC_WARN_UNDECLARED_SELECTOR = YES;
				GCC_WARN_UNINITIALIZED_AUTOS = YES_AGGRESSIVE;
				GCC_WARN_UNUSED_FUNCTION = YES;
				GCC_WARN_UNUSED_VARIABLE = YES;
				IPHONEOS_DEPLOYMENT_TARGET = 18.2;
				LOCALIZATION_PREFERS_STRING_CATALOGS = YES;
				MTL_ENABLE_DEBUG_INFO = NO;
				MTL_FAST_MATH = YES;
				SDKROOT = iphoneos;
				SWIFT_COMPILATION_MODE = wholemodule;
				VALIDATE_PRODUCT = YES;
			};
			name = Release;
		};
/* End XCBuildConfiguration section */

/* Begin XCConfigurationList section */
		1F177A1E2EFA4638008B8697 /* Build configuration list for PBXProject "QSFirebaseAnalytics" */ = {
			isa = XCConfigurationList;
			buildConfigurations = (
				1F177A392EFA4639008B8697 /* Debug */,
				1F177A3A2EFA4639008B8697 /* Release */,
			);
			defaultConfigurationIsVisible = 0;
			defaultConfigurationName = Release;
		};
		1F177A362EFA4639008B8697 /* Build configuration list for PBXNativeTarget "QSFirebaseAnalytics" */ = {
			isa = XCConfigurationList;
			buildConfigurations = (
				1F177A372EFA4639008B8697 /* Debug */,
				1F177A382EFA4639008B8697 /* Release */,
			);
			defaultConfigurationIsVisible = 0;
			defaultConfigurationName = Release;
		};
/* End XCConfigurationList section */
	};
	rootObject = 1F177A1B2EFA4638008B8697 /* Project object */;
}
